
Microsoft Visual Studio Solution File, Format Version 12.00
# Visual Studio Version 16
VisualStudioVersion = 16.0.30517.126
MinimumVisualStudioVersion = 10.0.40219.1
Project("{9A19103F-16F7-4668-BE54-9A1E7A4F7556}") = "MarsRover.Houston", "MarsRover.Houston\MarsRover.Houston.csproj", "{F6D49A25-DCAE-4FFF-8578-DF133AC28BCC}"
EndProject
Project("{9A19103F-16F7-4668-BE54-9A1E7A4F7556}") = "MarsRover.Test", "MarsRover.Test\MarsRover.Test.csproj", "{57088679-F8F4-457D-AB81-C08702D76D1E}"
EndProject
Global
	GlobalSection(SolutionConfigurationPlatforms) = preSolution
		Debug|Any CPU = Debug|Any CPU
		Release|Any CPU = Release|Any CPU
	EndGlobalSection
	GlobalSection(ProjectConfigurationPlatforms) = postSolution
		{F6D49A25-DCAE-4FFF-8578-DF133AC28BCC}.Debug|Any CPU.ActiveCfg = Debug|Any CPU
		{F6D49A25-DCAE-4FFF-8578-DF133AC28BCC}.Debug|Any CPU.Build.0 = Debug|Any CPU
		{F6D49A25-DCAE-4FFF-8578-DF133AC28BCC}.Release|Any CPU.ActiveCfg = Release|Any CPU
		{F6D49A25-DCAE-4FFF-8578-DF133AC28BCC}.Release|Any CPU.Build.0 = Release|Any CPU
		{57088679-F8F4-457D-AB81-C08702D76D1E}.Debug|Any CPU.ActiveCfg = Debug|Any CPU
		{57088679-F8F4-457D-AB81-C08702D76D1E}.Debug|Any CPU.Build.0 = Debug|Any CPU
		{57088679-F8F4-457D-AB81-C08702D76D1E}.Release|Any CPU.ActiveCfg = Release|Any CPU
		{57088679-F8F4-457D-AB81-C08702D76D1E}.Release|Any CPU.Build.0 = Release|Any CPU
	EndGlobalSection
	GlobalSection(SolutionProperties) = preSolution
		HideSolutionNode = FALSE
	EndGlobalSection
	GlobalSection(ExtensibilityGlobals) = postSolution
		SolutionGuid = {583E5CE1-21D2-41E8-8B37-C471EF737849}
	EndGlobalSection
EndGlobal
